
Microsoft Visual Studio Solution File, Format Version 12.00
# Visual Studio Version 17
VisualStudioVersion = 17.14.36327.8 d17.14
MinimumVisualStudioVersion = 10.0.40219.1
Project("{FAE04EC0-301F-11D3-BF4B-00C04F79EFBC}") = "Register.BlazorApp", "Register.BlazorApp\Register.BlazorApp\Register.BlazorApp.csproj", "{C492FA00-67FA-4DCF-A9E3-F9167A7327C3}"
EndProject
Project("{FAE04EC0-301F-11D3-BF4B-00C04F79EFBC}") = "Register.BlazorApp.Client", "Register.BlazorApp\Register.BlazorApp.Client\Register.BlazorApp.Client.csproj", "{DF3896ED-196F-4E8F-8CE0-DF6567C643F2}"
EndProject
Project("{FAE04EC0-301F-11D3-BF4B-00C04F79EFBC}") = "Register.Shared", "Register.Shared\Register.Shared.csproj", "{D7624B02-6D97-4E4E-ACD3-49D3663F10E5}"
EndProject
Global
	GlobalSection(SolutionConfigurationPlatforms) = preSolution
		Debug|Any CPU = Debug|Any CPU
		Release|Any CPU = Release|Any CPU
	EndGlobalSection
	GlobalSection(ProjectConfigurationPlatforms) = postSolution
		{C492FA00-67FA-4DCF-A9E3-F9167A7327C3}.Debug|Any CPU.ActiveCfg = Debug|Any CPU
		{C492FA00-67FA-4DCF-A9E3-F9167A7327C3}.Debug|Any CPU.Build.0 = Debug|Any CPU
		{C492FA00-67FA-4DCF-A9E3-F9167A7327C3}.Release|Any CPU.ActiveCfg = Release|Any CPU
		{C492FA00-67FA-4DCF-A9E3-F9167A7327C3}.Release|Any CPU.Build.0 = Release|Any CPU
		{DF3896ED-196F-4E8F-8CE0-DF6567C643F2}.Debug|Any CPU.ActiveCfg = Debug|Any CPU
		{DF3896ED-196F-4E8F-8CE0-DF6567C643F2}.Debug|Any CPU.Build.0 = Debug|Any CPU
		{DF3896ED-196F-4E8F-8CE0-DF6567C643F2}.Release|Any CPU.ActiveCfg = Release|Any CPU
		{DF3896ED-196F-4E8F-8CE0-DF6567C643F2}.Release|Any CPU.Build.0 = Release|Any CPU
		{D7624B02-6D97-4E4E-ACD3-49D3663F10E5}.Debug|Any CPU.ActiveCfg = Debug|Any CPU
		{D7624B02-6D97-4E4E-ACD3-49D3663F10E5}.Debug|Any CPU.Build.0 = Debug|Any CPU
		{D7624B02-6D97-4E4E-ACD3-49D3663F10E5}.Release|Any CPU.ActiveCfg = Release|Any CPU
		{D7624B02-6D97-4E4E-ACD3-49D3663F10E5}.Release|Any CPU.Build.0 = Release|Any CPU
	EndGlobalSection
	GlobalSection(SolutionProperties) = preSolution
		HideSolutionNode = FALSE
	EndGlobalSection
	GlobalSection(ExtensibilityGlobals) = postSolution
		SolutionGuid = {F4FCEECA-5ECE-48CA-8965-405C1D199B22}
	EndGlobalSection
EndGlobal
